// !$*UTF8*$!
{
	archiveVersion = 1;
	classes = {
	};
	objectVersion = 55;
	objects = {

/* Begin PBXBuildFile section */
		8E459CC429EDDADF00C6F678 /* DailyViewController.swift in Sources */ = {isa = PBXBuildFile; fileRef = 8E459CC329EDDADF00C6F678 /* DailyViewController.swift */; };
		8E459CC629EDDEE000C6F678 /* Event.swift in Sources */ = {isa = PBXBuildFile; fileRef = 8E459CC529EDDEE000C6F678 /* Event.swift */; };
		8ED404D629E75A4A00063495 /* AppDelegate.swift in Sources */ = {isa = PBXBuildFile; fileRef = 8ED404D529E75A4A00063495 /* AppDelegate.swift */; };
		8ED404D829E75A4A00063495 /* SceneDelegate.swift in Sources */ = {isa = PBXBuildFile; fileRef = 8ED404D729E75A4A00063495 /* SceneDelegate.swift */; };
		8ED404DA29E75A4A00063495 /* ViewController.swift in Sources */ = {isa = PBXBuildFile; fileRef = 8ED404D929E75A4A00063495 /* ViewController.swift */; };
		8ED404DD29E75A4A00063495 /* Main.storyboard in Resources */ = {isa = PBXBuildFile; fileRef = 8ED404DB29E75A4A00063495 /* Main.storyboard */; };
		8ED404E029E75A4A00063495 /* CalendarApp.xcdatamodeld in Sources */ = {isa = PBXBuildFile; fileRef = 8ED404DE29E75A4A00063495 /* CalendarApp.xcdatamodeld */; };
		8ED404E229E75A4D00063495 /* Assets.xcassets in Resources */ = {isa = PBXBuildFile; fileRef = 8ED404E129E75A4D00063495 /* Assets.xcassets */; };
		8ED404E529E75A4D00063495 /* LaunchScreen.storyboard in Resources */ = {isa = PBXBuildFile; fileRef = 8ED404E329E75A4D00063495 /* LaunchScreen.storyboard */; };
		8ED404ED29E75ED100063495 /* CalendarCell.swift in Sources */ = {isa = PBXBuildFile; fileRef = 8ED404EC29E75ED100063495 /* CalendarCell.swift */; };
		8ED404EF29E7642200063495 /* CalendarHelper.swift in Sources */ = {isa = PBXBuildFile; fileRef = 8ED404EE29E7642200063495 /* CalendarHelper.swift */; };
/* End PBXBuildFile section */

/* Begin PBXFileReference section */
		8E459CC329EDDADF00C6F678 /* DailyViewController.swift */ = {isa = PBXFileReference; lastKnownFileType = sourcecode.swift; path = DailyViewController.swift; sourceTree = "<group>"; };
		8E459CC529EDDEE000C6F678 /* Event.swift */ = {isa = PBXFileReference; lastKnownFileType = sourcecode.swift; path = Event.swift; sourceTree = "<group>"; };
		8ED404D229E75A4A00063495 /* CalendarApp.app */ = {isa = PBXFileReference; explicitFileType = wrapper.application; includeInIndex = 0; path = CalendarApp.app; sourceTree = BUILT_PRODUCTS_DIR; };
		8ED404D529E75A4A00063495 /* AppDelegate.swift */ = {isa = PBXFileReference; lastKnownFileType = sourcecode.swift; path = AppDelegate.swift; sourceTree = "<group>"; };
		8ED404D729E75A4A00063495 /* SceneDelegate.swift */ = {isa = PBXFileReference; lastKnownFileType = sourcecode.swift; path = SceneDelegate.swift; sourceTree = "<group>"; };
		8ED404D929E75A4A00063495 /* ViewController.swift */ = {isa = PBXFileReference; lastKnownFileType = sourcecode.swift; path = ViewController.swift; sourceTree = "<group>"; };
		8ED404DC29E75A4A00063495 /* Base */ = {isa = PBXFileReference; lastKnownFileType = file.storyboard; name = Base; path = Base.lproj/Main.storyboard; sourceTree = "<group>"; };
		8ED404DF29E75A4A00063495 /* CalendarApp.xcdatamodel */ = {isa = PBXFileReference; lastKnownFileType = wrapper.xcdatamodel; path = CalendarApp.xcdatamodel; sourceTree = "<group>"; };
		8ED404E129E75A4D00063495 /* Assets.xcassets */ = {isa = PBXFileReference; lastKnownFileType = folder.assetcatalog; path = Assets.xcassets; sourceTree = "<group>"; };
		8ED404E429E75A4D00063495 /* Base */ = {isa = PBXFileReference; lastKnownFileType = file.storyboard; name = Base; path = Base.lproj/LaunchScreen.storyboard; sourceTree = "<group>"; };
		8ED404E629E75A4D00063495 /* Info.plist */ = {isa = PBXFileReference; lastKnownFileType = text.plist.xml; path = Info.plist; sourceTree = "<group>"; };
		8ED404EC29E75ED100063495 /* CalendarCell.swift */ = {isa = PBXFileReference; lastKnownFileType = sourcecode.swift; path = CalendarCell.swift; sourceTree = "<group>"; };
		8ED404EE29E7642200063495 /* CalendarHelper.swift */ = {isa = PBXFileReference; lastKnownFileType = sourcecode.swift; path = CalendarHelper.swift; sourceTree = "<group>"; };
/* End PBXFileReference section */

/* Begin PBXFrameworksBuildPhase section */
		8ED404CF29E75A4A00063495 /* Frameworks */ = {
			isa = PBXFrameworksBuildPhase;
			buildActionMask = 2147483647;
			files = (
			);
			runOnlyForDeploymentPostprocessing = 0;
		};
/* End PBXFrameworksBuildPhase section */

/* Begin PBXGroup section */
		8ED404C929E75A4A00063495 = {
			isa = PBXGroup;
			children = (
				8ED404D429E75A4A00063495 /* CalendarApp */,
				8ED404D329E75A4A00063495 /* Products */,
			);
			sourceTree = "<group>";
		};
		8ED404D329E75A4A00063495 /* Products */ = {
			isa = PBXGroup;
			children = (
				8ED404D229E75A4A00063495 /* CalendarApp.app */,
			);
			name = Products;
			sourceTree = "<group>";
		};
		8ED404D429E75A4A00063495 /* CalendarApp */ = {
			isa = PBXGroup;
			children = (
				8ED404D529E75A4A00063495 /* AppDelegate.swift */,
				8ED404D729E75A4A00063495 /* SceneDelegate.swift */,
				8ED404DB29E75A4A00063495 /* Main.storyboard */,
				8ED404E129E75A4D00063495 /* Assets.xcassets */,
				8ED404E329E75A4D00063495 /* LaunchScreen.storyboard */,
				8ED404E629E75A4D00063495 /* Info.plist */,
				8ED404DE29E75A4A00063495 /* CalendarApp.xcdatamodeld */,
				8ED404EC29E75ED100063495 /* CalendarCell.swift */,
				8ED404EE29E7642200063495 /* CalendarHelper.swift */,
				8ED404D929E75A4A00063495 /* ViewController.swift */,
				8E459CC329EDDADF00C6F678 /* DailyViewController.swift */,
				8E459CC529EDDEE000C6F678 /* Event.swift */,
			);
			path = CalendarApp;
			sourceTree = "<group>";
		};
/* End PBXGroup section */

/* Begin PBXNativeTarget section */
		8ED404D129E75A4A00063495 /* CalendarApp */ = {
			isa = PBXNativeTarget;
			buildConfigurationList = 8ED404E929E75A4D00063495 /* Build configuration list for PBXNativeTarget "CalendarApp" */;
			buildPhases = (
				8ED404CE29E75A4A00063495 /* Sources */,
				8ED404CF29E75A4A00063495 /* Frameworks */,
				8ED404D029E75A4A00063495 /* Resources */,
			);
			buildRules = (
			);
			dependencies = (
			);
			name = CalendarApp;
			productName = CalendarApp;
			productReference = 8ED404D229E75A4A00063495 /* CalendarApp.app */;
			productType = "com.apple.product-type.application";
		};
/* End PBXNativeTarget section */

/* Begin PBXProject section */
		8ED404CA29E75A4A00063495 /* Project object */ = {
			isa = PBXProject;
			attributes = {
				BuildIndependentTargetsInParallel = 1;
				LastSwiftUpdateCheck = 1340;
				LastUpgradeCheck = 1340;
				TargetAttributes = {
					8ED404D129E75A4A00063495 = {
						CreatedOnToolsVersion = 13.4.1;
					};
				};
			};
			buildConfigurationList = 8ED404CD29E75A4A00063495 /* Build configuration list for PBXProject "CalendarApp" */;
			compatibilityVersion = "Xcode 13.0";
			developmentRegion = en;
			hasScannedForEncodings = 0;
			knownRegions = (
				en,
				Base,
			);
			mainGroup = 8ED404C929E75A4A00063495;
			productRefGroup = 8ED404D329E75A4A00063495 /* Products */;
			projectDirPath = "";
			projectRoot = "";
			targets = (
				8ED404D129E75A4A00063495 /* CalendarApp */,
			);
		};
/* End PBXProject section */

/* Begin PBXResourcesBuildPhase section */
		8ED404D029E75A4A00063495 /* Resources */ = {
			isa = PBXResourcesBuildPhase;
			buildActionMask = 2147483647;
			files = (
				8ED404E529E75A4D00063495 /* LaunchScreen.storyboard in Resources */,
				8ED404E229E75A4D00063495 /* Assets.xcassets in Resources */,
				8ED404DD29E75A4A00063495 /* Main.storyboard in Resources */,
			);
			runOnlyForDeploymentPostprocessing = 0;
		};
/* End PBXResourcesBuildPhase section */

/* Begin PBXSourcesBuildPhase section */
		8ED404CE29E75A4A00063495 /* Sources */ = {
			isa = PBXSourcesBuildPhase;
			buildActionMask = 2147483647;
			files = (
				8E459CC629EDDEE000C6F678 /* Event.swift in Sources */,
				8E459CC429EDDADF00C6F678 /* DailyViewController.swift in Sources */,
				8ED404DA29E75A4A00063495 /* ViewController.swift in Sources */,
				8ED404EF29E7642200063495 /* CalendarHelper.swift in Sources */,
				8ED404D629E75A4A00063495 /* AppDelegate.swift in Sources */,
				8ED404D829E75A4A00063495 /* SceneDelegate.swift in Sources */,
				8ED404E029E75A4A00063495 /* CalendarApp.xcdatamodeld in Sources */,
				8ED404ED29E75ED100063495 /* CalendarCell.swift in Sources */,
			);
			runOnlyForDeploymentPostprocessing = 0;
		};
/* End PBXSourcesBuildPhase section */

/* Begin PBXVariantGroup section */
		8ED404DB29E75A4A00063495 /* Main.storyboard */ = {
			isa = PBXVariantGroup;
			children = (
				8ED404DC29E75A4A00063495 /* Base */,
			);
			name = Main.storyboard;
			sourceTree = "<group>";
		};
		8ED404E329E75A4D00063495 /* LaunchScreen.storyboard */ = {
			isa = PBXVariantGroup;
			children = (
				8ED404E429E75A4D00063495 /* Base */,
			);
			name = LaunchScreen.storyboard;
			sourceTree = "<group>";
		};
/* End PBXVariantGroup section */

/* Begin XCBuildConfiguration section */
		8ED404E729E75A4D00063495 /* Debug */ = {
			isa = XCBuildConfiguration;
			buildSettings = {
				ALWAYS_SEARCH_USER_PATHS = NO;
				CLANG_ANALYZER_NONNULL = YES;
				CLANG_ANALYZER_NUMBER_OBJECT_CONVERSION = YES_AGGRESSIVE;
				CLANG_CXX_LANGUAGE_STANDARD = "gnu++17";
				CLANG_ENABLE_MODULES = YES;
				CLANG_ENABLE_OBJC_ARC = YES;
				CLANG_ENABLE_OBJC_WEAK = YES;
				CLANG_WARN_BLOCK_CAPTURE_AUTORELEASING = YES;
				CLANG_WARN_BOOL_CONVERSION = YES;
				CLANG_WARN_COMMA = YES;
				CLANG_WARN_CONSTANT_CONVERSION = YES;
				CLANG_WARN_DEPRECATED_OBJC_IMPLEMENTATIONS = YES;
				CLANG_WARN_DIRECT_OBJC_ISA_USAGE = YES_ERROR;
				CLANG_WARN_DOCUMENTATION_COMMENTS = YES;
				CLANG_WARN_EMPTY_BODY = YES;
				CLANG_WARN_ENUM_CONVERSION = YES;
				CLANG_WARN_INFINITE_RECURSION = YES;
				CLANG_WARN_INT_CONVERSION = YES;
				CLANG_WARN_NON_LITERAL_NULL_CONVERSION = YES;
				CLANG_WARN_OBJC_IMPLICIT_RETAIN_SELF = YES;
				CLANG_WARN_OBJC_LITERAL_CONVERSION = YES;
				CLANG_WARN_OBJC_ROOT_CLASS = YES_ERROR;
				CLANG_WARN_QUOTED_INCLUDE_IN_FRAMEWORK_HEADER = YES;
				CLANG_WARN_RANGE_LOOP_ANALYSIS = YES;
				CLANG_WARN_STRICT_PROTOTYPES = YES;
				CLANG_WARN_SUSPICIOUS_MOVE = YES;
				CLANG_WARN_UNGUARDED_AVAILABILITY = YES_AGGRESSIVE;
				CLANG_WARN_UNREACHABLE_CODE = YES;
				CLANG_WARN__DUPLICATE_METHOD_MATCH = YES;
				COPY_PHASE_STRIP = NO;
				DEBUG_INFORMATION_FORMAT = dwarf;
				ENABLE_STRICT_OBJC_MSGSEND = YES;
				ENABLE_TESTABILITY = YES;
				GCC_C_LANGUAGE_STANDARD = gnu11;
				GCC_DYNAMIC_NO_PIC = NO;
				GCC_NO_COMMON_BLOCKS = YES;
				GCC_OPTIMIZATION_LEVEL = 0;
				GCC_PREPROCESSOR_DEFINITIONS = (
					"DEBUG=1",
					"$(inherited)",
				);
				GCC_WARN_64_TO_32_BIT_CONVERSION = YES;
				GCC_WARN_ABOUT_RETURN_TYPE = YES_ERROR;
				GCC_WARN_UNDECLARED_SELECTOR = YES;
				GCC_WARN_UNINITIALIZED_AUTOS = YES_AGGRESSIVE;
				GCC_WARN_UNUSED_FUNCTION = YES;
				GCC_WARN_UNUSED_VARIABLE = YES;
				IPHONEOS_DEPLOYMENT_TARGET = 15.5;
				MTL_ENABLE_DEBUG_INFO = INCLUDE_SOURCE;
				MTL_FAST_MATH = YES;
				ONLY_ACTIVE_ARCH = YES;
				SDKROOT = iphoneos;
				SWIFT_ACTIVE_COMPILATION_CONDITIONS = DEBUG;
				SWIFT_OPTIMIZATION_LEVEL = "-Onone";
			};
			name = Debug;
		};
		8ED404E829E75A4D00063495 /* Release */ = {
			isa = XCBuildConfiguration;
			buildSettings = {
				ALWAYS_SEARCH_USER_PATHS = NO;
				CLANG_ANALYZER_NONNULL = YES;
				CLANG_ANALYZER_NUMBER_OBJECT_CONVERSION = YES_AGGRESSIVE;
				CLANG_CXX_LANGUAGE_STANDARD = "gnu++17";
				CLANG_ENABLE_MODULES = YES;
				CLANG_ENABLE_OBJC_ARC = YES;
				CLANG_ENABLE_OBJC_WEAK = YES;
				CLANG_WARN_BLOCK_CAPTURE_AUTORELEASING = YES;
				CLANG_WARN_BOOL_CONVERSION = YES;
				CLANG_WARN_COMMA = YES;
				CLANG_WARN_CONSTANT_CONVERSION = YES;
				CLANG_WARN_DEPRECATED_OBJC_IMPLEMENTATIONS = YES;
				CLANG_WARN_DIRECT_OBJC_ISA_USAGE = YES_ERROR;
				CLANG_WARN_DOCUMENTATION_COMMENTS = YES;
				CLANG_WARN_EMPTY_BODY = YES;
				CLANG_WARN_ENUM_CONVERSION = YES;
				CLANG_WARN_INFINITE_RECURSION = YES;
				CLANG_WARN_INT_CONVERSION = YES;
				CLANG_WARN_NON_LITERAL_NULL_CONVERSION = YES;
				CLANG_WARN_OBJC_IMPLICIT_RETAIN_SELF = YES;
				CLANG_WARN_OBJC_LITERAL_CONVERSION = YES;
				CLANG_WARN_OBJC_ROOT_CLASS = YES_ERROR;
				CLANG_WARN_QUOTED_INCLUDE_IN_FRAMEWORK_HEADER = YES;
				CLANG_WARN_RANGE_LOOP_ANALYSIS = YES;
				CLANG_WARN_STRICT_PROTOTYPES = YES;
				CLANG_WARN_SUSPICIOUS_MOVE = YES;
				CLANG_WARN_UNGUARDED_AVAILABILITY = YES_AGGRESSIVE;
				CLANG_WARN_UNREACHABLE_CODE = YES;
				CLANG_WARN__DUPLICATE_METHOD_MATCH = YES;
				COPY_PHASE_STRIP = NO;
				DEBUG_INFORMATION_FORMAT = "dwarf-with-dsym";
				ENABLE_NS_ASSERTIONS = NO;
				ENABLE_STRICT_OBJC_MSGSEND = YES;
				GCC_C_LANGUAGE_STANDARD = gnu11;
				GCC_NO_COMMON_BLOCKS = YES;
				GCC_WARN_64_TO_32_BIT_CONVERSION = YES;
				GCC_WARN_ABOUT_RETURN_TYPE = YES_ERROR;
				GCC_WARN_UNDECLARED_SELECTOR = YES;
				GCC_WARN_UNINITIALIZED_AUTOS = YES_AGGRESSIVE;
				GCC_WARN_UNUSED_FUNCTION = YES;
				GCC_WARN_UNUSED_VARIABLE = YES;
				IPHONEOS_DEPLOYMENT_TARGET = 15.5;
				MTL_ENABLE_DEBUG_INFO = NO;
				MTL_FAST_MATH = YES;
				SDKROOT = iphoneos;
				SWIFT_COMPILATION_MODE = wholemodule;
				SWIFT_OPTIMIZATION_LEVEL = "-O";
				VALIDATE_PRODUCT = YES;
			};
			name = Release;
		};
		8ED404EA29E75A4D00063495 /* Debug */ = {
			isa = XCBuildConfiguration;
			buildSettings = {
				ASSETCATALOG_COMPILER_APPICON_NAME = AppIcon;
				ASSETCATALOG_COMPILER_GLOBAL_ACCENT_COLOR_NAME = AccentColor;
				CODE_SIGN_STYLE = Automatic;
				CURRENT_PROJECT_VERSION = 1;
				GENERATE_INFOPLIST_FILE = YES;
				INFOPLIST_FILE = CalendarApp/Info.plist;
				INFOPLIST_KEY_UIApplicationSupportsIndirectInputEvents = YES;
				INFOPLIST_KEY_UILaunchStoryboardName = LaunchScreen;
				INFOPLIST_KEY_UIMainStoryboardFile = Main;
				INFOPLIST_KEY_UISupportedInterfaceOrientations_iPad = "UIInterfaceOrientationPortrait UIInterfaceOrientationPortraitUpsideDown UIInterfaceOrientationLandscapeLeft UIInterfaceOrientationLandscapeRight";
				INFOPLIST_KEY_UISupportedInterfaceOrientations_iPhone = "UIInterfaceOrientationPortrait UIInterfaceOrientationLandscapeLeft UIInterfaceOrientationLandscapeRight";
				LD_RUNPATH_SEARCH_PATHS = (
					"$(inherited)",
					"@executable_path/Frameworks",
				);
				MARKETING_VERSION = 1.0;
				PRODUCT_BUNDLE_IDENTIFIER = Kylee.CalendarApp;
				PRODUCT_NAME = "$(TARGET_NAME)";
				SWIFT_EMIT_LOC_STRINGS = YES;
				SWIFT_VERSION = 5.0;
				TARGETED_DEVICE_FAMILY = "1,2";
			};
			name = Debug;
		};
		8ED404EB29E75A4D00063495 /* Release */ = {
			isa = XCBuildConfiguration;
			buildSettings = {
				ASSETCATALOG_COMPILER_APPICON_NAME = AppIcon;
				ASSETCATALOG_COMPILER_GLOBAL_ACCENT_COLOR_NAME = AccentColor;
				CODE_SIGN_STYLE = Automatic;
				CURRENT_PROJECT_VERSION = 1;
				GENERATE_INFOPLIST_FILE = YES;
				INFOPLIST_FILE = CalendarApp/Info.plist;
				INFOPLIST_KEY_UIApplicationSupportsIndirectInputEvents = YES;
				INFOPLIST_KEY_UILaunchStoryboardName = LaunchScreen;
				INFOPLIST_KEY_UIMainStoryboardFile = Main;
				INFOPLIST_KEY_UISupportedInterfaceOrientations_iPad = "UIInterfaceOrientationPortrait UIInterfaceOrientationPortraitUpsideDown UIInterfaceOrientationLandscapeLeft UIInterfaceOrientationLandscapeRight";
				INFOPLIST_KEY_UISupportedInterfaceOrientations_iPhone = "UIInterfaceOrientationPortrait UIInterfaceOrientationLandscapeLeft UIInterfaceOrientationLandscapeRight";
				LD_RUNPATH_SEARCH_PATHS = (
					"$(inherited)",
					"@executable_path/Frameworks",
				);
				MARKETING_VERSION = 1.0;
				PRODUCT_BUNDLE_IDENTIFIER = Kylee.CalendarApp;
				PRODUCT_NAME = "$(TARGET_NAME)";
				SWIFT_EMIT_LOC_STRINGS = YES;
				SWIFT_VERSION = 5.0;
				TARGETED_DEVICE_FAMILY = "1,2";
			};
			name = Release;
		};
/* End XCBuildConfiguration section */

/* Begin XCConfigurationList section */
		8ED404CD29E75A4A00063495 /* Build configuration list for PBXProject "CalendarApp" */ = {
			isa = XCConfigurationList;
			buildConfigurations = (
				8ED404E729E75A4D00063495 /* Debug */,
				8ED404E829E75A4D00063495 /* Release */,
			);
			defaultConfigurationIsVisible = 0;
			defaultConfigurationName = Release;
		};
		8ED404E929E75A4D00063495 /* Build configuration list for PBXNativeTarget "CalendarApp" */ = {
			isa = XCConfigurationList;
			buildConfigurations = (
				8ED404EA29E75A4D00063495 /* Debug */,
				8ED404EB29E75A4D00063495 /* Release */,
			);
			defaultConfigurationIsVisible = 0;
			defaultConfigurationName = Release;
		};
/* End XCConfigurationList section */

/* Begin XCVersionGroup section */
		8ED404DE29E75A4A00063495 /* CalendarApp.xcdatamodeld */ = {
			isa = XCVersionGroup;
			children = (
				8ED404DF29E75A4A00063495 /* CalendarApp.xcdatamodel */,
			);
			currentVersion = 8ED404DF29E75A4A00063495 /* CalendarApp.xcdatamodel */;
			path = CalendarApp.xcdatamodeld;
			sourceTree = "<group>";
			versionGroupType = wrapper.xcdatamodel;
		};
/* End XCVersionGroup section */
	};
	rootObject = 8ED404CA29E75A4A00063495 /* Project object */;
}
